{
  "name": "capstone_project",
  "version": "1.0.0",
  "lockfileVersion": 1,
  "requires": true,
  "dependencies": {
    "google-maps": {
      "version": "3.2.1",
      "resolved": "https://registry.npmjs.org/google-maps/-/google-maps-3.2.1.tgz",
      "integrity": "sha1-wHWPKxdaSo0RDBq7H8TMOMEXbgY="
    }
  }
}
