{
  "name": "capstone_project",
  "version": "1.0.0",
  "lockfileVersion": 1,
  "requires": true,
  "dependencies": {
    "google-maps": {
      "version": "3.2.1",
      "resolved": "https://registry.npmjs.org/google-maps/-/google-maps-3.2.1.tgz",
      "integrity": "sha1-wHWPKxdaSo0RDBq7H8TMOMEXbgY="
    },
    "highcharts": {
      "version": "6.0.5",
      "resolved": "https://registry.npmjs.org/highcharts/-/highcharts-6.0.5.tgz",
      "integrity": "sha512-9keXQdCj2Hqw6bTzyaZpco2pTGoWxuYZuozN5aZjW7hnvnhHiAaty4pXzfy218A7Pkj5tW/Q+HVPDsZU3JD9Tw=="
    }
  }
}
